
Microsoft Visual Studio Solution File, Format Version 12.00
# Visual Studio Version 16
VisualStudioVersion = 16.0.28621.142
MinimumVisualStudioVersion = 10.0.40219.1
Project("{9A19103F-16F7-4668-BE54-9A1E7A4F7556}") = "Host", "Host\Host.csproj", "{8DE68B72-8ADA-4B13-A115-509A89B11D81}"
EndProject
Project("{9A19103F-16F7-4668-BE54-9A1E7A4F7556}") = "ECApp", "ECApp\ECApp.csproj", "{29991655-E9B2-46CF-9FE9-BAD66ED3A9D6}"
EndProject
Project("{9A19103F-16F7-4668-BE54-9A1E7A4F7556}") = "ECApi", "ECApi\ECApi.csproj", "{DCF213F2-39C3-4332-B720-18E6C35B9C9F}"
EndProject
Project("{2150E333-8FDC-42A3-9474-1A3956D46DE8}") = "Hosts", "Hosts", "{55E04A8F-CE1C-4EA8-8BCC-46ED352E3BA5}"
EndProject
Project("{2150E333-8FDC-42A3-9474-1A3956D46DE8}") = "Clients", "Clients", "{8E6FC917-E084-4C25-9191-09534D10D377}"
EndProject
Project("{9A19103F-16F7-4668-BE54-9A1E7A4F7556}") = "ECAuthorization", "ECAuthorization\ECAuthorization.csproj", "{DCF27BEC-B342-4B8D-8D57-78B3C0ADABD4}"
EndProject
Project("{2150E333-8FDC-42A3-9474-1A3956D46DE8}") = "DockerLauncher", "DockerLauncher", "{0B3A71A9-4B1C-40F9-B772-5E357AA9B074}"
	ProjectSection(SolutionItems) = preProject
		build.yml = build.yml
		docker-compose.yml = docker-compose.yml
	EndProjectSection
EndProject
Global
	GlobalSection(SolutionConfigurationPlatforms) = preSolution
		Debug|Any CPU = Debug|Any CPU
		Release|Any CPU = Release|Any CPU
	EndGlobalSection
	GlobalSection(ProjectConfigurationPlatforms) = postSolution
		{8DE68B72-8ADA-4B13-A115-509A89B11D81}.Debug|Any CPU.ActiveCfg = Debug|Any CPU
		{8DE68B72-8ADA-4B13-A115-509A89B11D81}.Debug|Any CPU.Build.0 = Debug|Any CPU
		{8DE68B72-8ADA-4B13-A115-509A89B11D81}.Release|Any CPU.ActiveCfg = Release|Any CPU
		{8DE68B72-8ADA-4B13-A115-509A89B11D81}.Release|Any CPU.Build.0 = Release|Any CPU
		{29991655-E9B2-46CF-9FE9-BAD66ED3A9D6}.Debug|Any CPU.ActiveCfg = Debug|Any CPU
		{29991655-E9B2-46CF-9FE9-BAD66ED3A9D6}.Debug|Any CPU.Build.0 = Debug|Any CPU
		{29991655-E9B2-46CF-9FE9-BAD66ED3A9D6}.Release|Any CPU.ActiveCfg = Release|Any CPU
		{29991655-E9B2-46CF-9FE9-BAD66ED3A9D6}.Release|Any CPU.Build.0 = Release|Any CPU
		{DCF213F2-39C3-4332-B720-18E6C35B9C9F}.Debug|Any CPU.ActiveCfg = Debug|Any CPU
		{DCF213F2-39C3-4332-B720-18E6C35B9C9F}.Debug|Any CPU.Build.0 = Debug|Any CPU
		{DCF213F2-39C3-4332-B720-18E6C35B9C9F}.Release|Any CPU.ActiveCfg = Release|Any CPU
		{DCF213F2-39C3-4332-B720-18E6C35B9C9F}.Release|Any CPU.Build.0 = Release|Any CPU
		{DCF27BEC-B342-4B8D-8D57-78B3C0ADABD4}.Debug|Any CPU.ActiveCfg = Debug|Any CPU
		{DCF27BEC-B342-4B8D-8D57-78B3C0ADABD4}.Debug|Any CPU.Build.0 = Debug|Any CPU
		{DCF27BEC-B342-4B8D-8D57-78B3C0ADABD4}.Release|Any CPU.ActiveCfg = Release|Any CPU
		{DCF27BEC-B342-4B8D-8D57-78B3C0ADABD4}.Release|Any CPU.Build.0 = Release|Any CPU
	EndGlobalSection
	GlobalSection(SolutionProperties) = preSolution
		HideSolutionNode = FALSE
	EndGlobalSection
	GlobalSection(NestedProjects) = preSolution
		{8DE68B72-8ADA-4B13-A115-509A89B11D81} = {55E04A8F-CE1C-4EA8-8BCC-46ED352E3BA5}
		{29991655-E9B2-46CF-9FE9-BAD66ED3A9D6} = {8E6FC917-E084-4C25-9191-09534D10D377}
		{DCF213F2-39C3-4332-B720-18E6C35B9C9F} = {8E6FC917-E084-4C25-9191-09534D10D377}
		{DCF27BEC-B342-4B8D-8D57-78B3C0ADABD4} = {8E6FC917-E084-4C25-9191-09534D10D377}
	EndGlobalSection
	GlobalSection(ExtensibilityGlobals) = postSolution
		SolutionGuid = {723B70AF-275B-4FB8-9A2D-8D0C17CB1A3D}
	EndGlobalSection
EndGlobal
